
Microsoft Visual Studio Solution File, Format Version 12.00
# Visual Studio 15
VisualStudioVersion = 15.0.27703.2026
MinimumVisualStudioVersion = 10.0.40219.1
Project("{2150E333-8FDC-42A3-9474-1A3956D46DE8}") = "SOLID", "SOLID", "{568496AC-01EF-4C4D-8120-58B0F8E6B5F8}"
EndProject
Project("{9A19103F-16F7-4668-BE54-9A1E7A4F7556}") = "SingleResponsibilityPrinciple", "SingleResponsibilityPrinciple\SingleResponsibilityPrinciple.csproj", "{B56DF7B6-BC0E-4DB5-8B21-80FE1B6701B4}"
EndProject
Project("{9A19103F-16F7-4668-BE54-9A1E7A4F7556}") = "OpenClosePrinciple", "OpenClosePrinciple\OpenClosePrinciple.csproj", "{EC4CC815-3F9D-4A49-82CC-CDBC6BE7A9BF}"
EndProject
Project("{9A19103F-16F7-4668-BE54-9A1E7A4F7556}") = "LiskovSubstitutionPrinciple", "LiskovSubstitutionPrinciple\LiskovSubstitutionPrinciple.csproj", "{36FEF887-5684-4920-9272-5FC3AFC2A139}"
EndProject
Project("{9A19103F-16F7-4668-BE54-9A1E7A4F7556}") = "InterfaceSegregationPrinciple", "InterfaceSegregationPrinciple\InterfaceSegregationPrinciple.csproj", "{0D316900-1573-48D7-951C-1307F21C43C1}"
EndProject
Project("{9A19103F-16F7-4668-BE54-9A1E7A4F7556}") = "DependencyInversionPrinciple", "DependencyInversionPrinciple\DependencyInversionPrinciple.csproj", "{53C68BEE-2A34-4952-92C3-6CE9B48CF673}"
EndProject
Project("{2150E333-8FDC-42A3-9474-1A3956D46DE8}") = "DesignPatterns", "DesignPatterns", "{009CE3EB-1A0B-49A3-BA10-DBB1FB448DCD}"
EndProject
Project("{2150E333-8FDC-42A3-9474-1A3956D46DE8}") = "Creational", "Creational", "{A713B185-CA34-4793-AB1C-A9CDB89B748A}"
EndProject
Project("{2150E333-8FDC-42A3-9474-1A3956D46DE8}") = "Builder", "Builder", "{FECB2BAF-19B8-41AE-B8B9-B56CA4DFE0CB}"
EndProject
Project("{9A19103F-16F7-4668-BE54-9A1E7A4F7556}") = "BuiIder", "BuiIder\BuiIder.csproj", "{E8AF1127-A9F2-4E5E-9A67-BA3AA3DA406B}"
EndProject
Project("{9A19103F-16F7-4668-BE54-9A1E7A4F7556}") = "FacetedBuilder", "FacetedBuilder\FacetedBuilder.csproj", "{60F86877-BF17-41D0-8ECF-D5AE815F9516}"
EndProject
Project("{2150E333-8FDC-42A3-9474-1A3956D46DE8}") = "Factories", "Factories", "{71F657BF-1179-48EF-9C35-7AC787213788}"
EndProject
Project("{9A19103F-16F7-4668-BE54-9A1E7A4F7556}") = "FactoryMethod", "FactoryMethod\FactoryMethod.csproj", "{97A7F28B-72DB-4847-ABB1-31F2CF1A5325}"
EndProject
Project("{2150E333-8FDC-42A3-9474-1A3956D46DE8}") = "Test", "Test", "{C6851622-F95B-4239-BE60-A5DD74D6DE89}"
EndProject
Project("{9A19103F-16F7-4668-BE54-9A1E7A4F7556}") = "TestAll", "TestAll\TestAll.csproj", "{B25DB029-B1D4-4485-BD33-F1FFC28D2E39}"
EndProject
Project("{9A19103F-16F7-4668-BE54-9A1E7A4F7556}") = "AbstractFactory", "AbstractFactory\AbstractFactory.csproj", "{0C8B2294-1AA2-4D8A-9E3B-17F382780D76}"
EndProject
Project("{9A19103F-16F7-4668-BE54-9A1E7A4F7556}") = "Prototype", "Prototype\Prototype.csproj", "{4D4924EC-A7BB-40FA-B274-25A582FAB16F}"
EndProject
Project("{9A19103F-16F7-4668-BE54-9A1E7A4F7556}") = "Singleton", "Singleton\Singleton.csproj", "{46784F69-D9A8-4B17-838D-8706AEF78B22}"
EndProject
Project("{9A19103F-16F7-4668-BE54-9A1E7A4F7556}") = "Singleton2", "Singleton2\Singleton2.csproj", "{349B0ADC-63B7-4493-A93F-BFB41A997C12}"
EndProject
Project("{9A19103F-16F7-4668-BE54-9A1E7A4F7556}") = "Monostate", "Monostate\Monostate.csproj", "{56FFCA12-2F28-43F1-811B-1B73DB3CA730}"
EndProject
Project("{2150E333-8FDC-42A3-9474-1A3956D46DE8}") = "Structural", "Structural", "{12B78A3E-BB18-4AA5-99D6-B3E49A3C5603}"
EndProject
Project("{9A19103F-16F7-4668-BE54-9A1E7A4F7556}") = "Adapter", "Adapter\Adapter.csproj", "{F01F7FB7-A585-4AF7-8C2C-00B4517708E9}"
EndProject
Project("{9A19103F-16F7-4668-BE54-9A1E7A4F7556}") = "Bridge", "Bridge\Bridge.csproj", "{788A0615-1D69-433A-B154-56E0D3F7B45F}"
EndProject
Project("{9A19103F-16F7-4668-BE54-9A1E7A4F7556}") = "Composite", "Composite\Composite.csproj", "{66459393-388C-4096-ADC1-D53B849BD9DA}"
EndProject
Project("{9A19103F-16F7-4668-BE54-9A1E7A4F7556}") = "NeuralNetwork", "NeuralNetwork\NeuralNetwork.csproj", "{1F6ACA7B-5E8F-4040-957A-137492037AEC}"
EndProject
Project("{2150E333-8FDC-42A3-9474-1A3956D46DE8}") = "Decorator", "Decorator", "{DED8356F-BAE3-41FC-9807-80E4FE7D1617}"
EndProject
Project("{9A19103F-16F7-4668-BE54-9A1E7A4F7556}") = "CustomStringBuilder", "CustomStringBuilder\CustomStringBuilder.csproj", "{0DB18F5D-45C3-43C5-BADD-41A03AB798B4}"
EndProject
Project("{9A19103F-16F7-4668-BE54-9A1E7A4F7556}") = "AdapterAndDecorator", "AdapterAndDecorator\AdapterAndDecorator.csproj", "{97879553-B947-44B6-AF97-897172673E97}"
EndProject
Project("{9A19103F-16F7-4668-BE54-9A1E7A4F7556}") = "MultipleInheritance", "MultipleInheritance\MultipleInheritance.csproj", "{8A94340B-BC27-4907-81FE-351DF62FC1BA}"
EndProject
Project("{9A19103F-16F7-4668-BE54-9A1E7A4F7556}") = "DynamicDecoratorComposition", "DynamicDecoratorComposition\DynamicDecoratorComposition.csproj", "{BC277C5B-4C77-4700-B936-EE3AC7CEFEC9}"
EndProject
Project("{9A19103F-16F7-4668-BE54-9A1E7A4F7556}") = "StaticDecoratorComposition", "StaticDecoratorComposition\StaticDecoratorComposition.csproj", "{EC7543EF-B4FF-49B3-A81E-F462926E3CAA}"
EndProject
Project("{2150E333-8FDC-42A3-9474-1A3956D46DE8}") = "Flyweight", "Flyweight", "{4B5EAB30-E509-4241-9F69-B155621E5BB0}"
EndProject
Project("{9A19103F-16F7-4668-BE54-9A1E7A4F7556}") = "RepeatingUserNames", "RepeatingUserNames\RepeatingUserNames.csproj", "{966C86DA-6171-42C1-B90C-06DD80C9752A}"
EndProject
Project("{2150E333-8FDC-42A3-9474-1A3956D46DE8}") = "Proxy", "Proxy", "{17160554-DE48-4995-8385-B522B708A605}"
EndProject
Project("{9A19103F-16F7-4668-BE54-9A1E7A4F7556}") = "ProtectionProxy", "ProtectionProxy\ProtectionProxy.csproj", "{7783433F-D50B-4198-A473-6D0F4527829E}"
EndProject
Project("{9A19103F-16F7-4668-BE54-9A1E7A4F7556}") = "PropertyProxy", "PropertyProxy\PropertyProxy.csproj", "{2E2FF03F-AEAA-466D-8129-44E9E5314552}"
EndProject
Project("{9A19103F-16F7-4668-BE54-9A1E7A4F7556}") = "DynamicProxyForLogging", "DynamicProxyForLogging\DynamicProxyForLogging.csproj", "{699725BE-621E-44CA-AB5E-79F843C341E1}"
EndProject
Project("{2150E333-8FDC-42A3-9474-1A3956D46DE8}") = "Behavioral", "Behavioral", "{4E120C76-5689-4414-B994-0A31FDF90FDB}"
EndProject
Project("{2150E333-8FDC-42A3-9474-1A3956D46DE8}") = "ChainOfResponsibility", "ChainOfResponsibility", "{A07B4C68-4204-44A2-844E-4EDE0A87A15C}"
EndProject
Project("{9A19103F-16F7-4668-BE54-9A1E7A4F7556}") = "MethodChain", "MethodChain\MethodChain.csproj", "{235C7340-CBC7-47B9-8EBA-F8FD008411ED}"
EndProject
Project("{9A19103F-16F7-4668-BE54-9A1E7A4F7556}") = "BrokerChain", "BrokenChain\BrokerChain.csproj", "{3EFA31B0-BCA3-405B-B843-08B85DD6CD89}"
EndProject
Project("{9A19103F-16F7-4668-BE54-9A1E7A4F7556}") = "Command", "Command\Command.csproj", "{17843585-3306-409E-BA6E-50AA4978FEEB}"
EndProject
Project("{9A19103F-16F7-4668-BE54-9A1E7A4F7556}") = "Interpreter", "Interpreter\Interpreter.csproj", "{2B8A3483-00D8-497B-B3F2-87598F9E8523}"
EndProject
Project("{9A19103F-16F7-4668-BE54-9A1E7A4F7556}") = "Iterator", "Iterator\Iterator.csproj", "{86BC4617-7DF4-4C6F-A009-FDF7CBB8ABFF}"
EndProject
Project("{9A19103F-16F7-4668-BE54-9A1E7A4F7556}") = "PropertyIterator", "PropertyIterator\PropertyIterator.csproj", "{6E751D1C-4EF6-4466-A0CA-AEB15AC6E4A6}"
EndProject
Project("{2150E333-8FDC-42A3-9474-1A3956D46DE8}") = "Mediator", "Mediator", "{9DBBD247-5872-4F5A-9E5B-02B62A6E49DC}"
EndProject
Project("{9A19103F-16F7-4668-BE54-9A1E7A4F7556}") = "ChatRoom", "ChatRoom\ChatRoom.csproj", "{447C6381-85D7-4E69-AB40-6850B5EA4614}"
EndProject
Project("{9A19103F-16F7-4668-BE54-9A1E7A4F7556}") = "EventBroker", "EventBroker\EventBroker.csproj", "{0D781D69-2B65-4C15-8771-994CC4CF97AF}"
EndProject
Project("{9A19103F-16F7-4668-BE54-9A1E7A4F7556}") = "Memento", "Memento\Memento.csproj", "{FF0B7299-312A-4ACA-8B76-A2E4184385B8}"
EndProject
Project("{9A19103F-16F7-4668-BE54-9A1E7A4F7556}") = "NullObject", "NullObject\NullObject.csproj", "{CB622556-6AD0-4488-810B-24E547DE185C}"
EndProject
Project("{2150E333-8FDC-42A3-9474-1A3956D46DE8}") = "Observer", "Observer", "{B93FB5AD-B364-41E0-9AE2-F56924AC1C5B}"
EndProject
Project("{9A19103F-16F7-4668-BE54-9A1E7A4F7556}") = "ObserverViaEvent", "ObserverViaEvent\ObserverViaEvent.csproj", "{BB48591A-85F3-493A-96C5-9FF455FD0232}"
EndProject
Project("{9A19103F-16F7-4668-BE54-9A1E7A4F7556}") = "WeakEvent", "WeakEvent\WeakEvent.csproj", "{B21A2D90-8786-418A-9DA5-F39F260635D2}"
EndProject
Project("{9A19103F-16F7-4668-BE54-9A1E7A4F7556}") = "ObservableProperties", "ObservableProperties\ObservableProperties.csproj", "{951D2C4D-64A9-4147-9D5C-F50692F765C2}"
EndProject
Project("{2150E333-8FDC-42A3-9474-1A3956D46DE8}") = "State", "State", "{E1F52BAC-4F13-49C5-9AE6-408CD44B0248}"
EndProject
Project("{9A19103F-16F7-4668-BE54-9A1E7A4F7556}") = "HandmadeStateMachine", "HandmadeStateMachine\HandmadeStateMachine.csproj", "{2C741C38-C0AB-4A07-9CD0-3824BFB67F94}"
EndProject
Project("{9A19103F-16F7-4668-BE54-9A1E7A4F7556}") = "StateMachineStateless", "StateMachineStateless\StateMachineStateless.csproj", "{05268479-DD66-4D76-AD0B-BF7AC409E906}"
EndProject
Project("{9A19103F-16F7-4668-BE54-9A1E7A4F7556}") = "Strategy", "Strategy\Strategy.csproj", "{B2721761-A47D-461C-9E83-DC3947E82A90}"
EndProject
Project("{FAE04EC0-301F-11D3-BF4B-00C04F79EFBC}") = "TemplateMethod", "TemplateMethod\TemplateMethod.csproj", "{B6F42D03-8FFE-4625-8C58-09665A2362D8}"
EndProject
Project("{FAE04EC0-301F-11D3-BF4B-00C04F79EFBC}") = "Visitor", "Visitor\Visitor.csproj", "{74B4749E-C161-4EA7-86AE-2A4C2B8B6A89}"
EndProject
Global
	GlobalSection(SolutionConfigurationPlatforms) = preSolution
		Debug|Any CPU = Debug|Any CPU
		Release|Any CPU = Release|Any CPU
	EndGlobalSection
	GlobalSection(ProjectConfigurationPlatforms) = postSolution
		{B56DF7B6-BC0E-4DB5-8B21-80FE1B6701B4}.Debug|Any CPU.ActiveCfg = Debug|Any CPU
		{B56DF7B6-BC0E-4DB5-8B21-80FE1B6701B4}.Debug|Any CPU.Build.0 = Debug|Any CPU
		{B56DF7B6-BC0E-4DB5-8B21-80FE1B6701B4}.Release|Any CPU.ActiveCfg = Release|Any CPU
		{B56DF7B6-BC0E-4DB5-8B21-80FE1B6701B4}.Release|Any CPU.Build.0 = Release|Any CPU
		{EC4CC815-3F9D-4A49-82CC-CDBC6BE7A9BF}.Debug|Any CPU.ActiveCfg = Debug|Any CPU
		{EC4CC815-3F9D-4A49-82CC-CDBC6BE7A9BF}.Debug|Any CPU.Build.0 = Debug|Any CPU
		{EC4CC815-3F9D-4A49-82CC-CDBC6BE7A9BF}.Release|Any CPU.ActiveCfg = Release|Any CPU
		{EC4CC815-3F9D-4A49-82CC-CDBC6BE7A9BF}.Release|Any CPU.Build.0 = Release|Any CPU
		{36FEF887-5684-4920-9272-5FC3AFC2A139}.Debug|Any CPU.ActiveCfg = Debug|Any CPU
		{36FEF887-5684-4920-9272-5FC3AFC2A139}.Debug|Any CPU.Build.0 = Debug|Any CPU
		{36FEF887-5684-4920-9272-5FC3AFC2A139}.Release|Any CPU.ActiveCfg = Release|Any CPU
		{36FEF887-5684-4920-9272-5FC3AFC2A139}.Release|Any CPU.Build.0 = Release|Any CPU
		{0D316900-1573-48D7-951C-1307F21C43C1}.Debug|Any CPU.ActiveCfg = Debug|Any CPU
		{0D316900-1573-48D7-951C-1307F21C43C1}.Debug|Any CPU.Build.0 = Debug|Any CPU
		{0D316900-1573-48D7-951C-1307F21C43C1}.Release|Any CPU.ActiveCfg = Release|Any CPU
		{0D316900-1573-48D7-951C-1307F21C43C1}.Release|Any CPU.Build.0 = Release|Any CPU
		{53C68BEE-2A34-4952-92C3-6CE9B48CF673}.Debug|Any CPU.ActiveCfg = Debug|Any CPU
		{53C68BEE-2A34-4952-92C3-6CE9B48CF673}.Debug|Any CPU.Build.0 = Debug|Any CPU
		{53C68BEE-2A34-4952-92C3-6CE9B48CF673}.Release|Any CPU.ActiveCfg = Release|Any CPU
		{53C68BEE-2A34-4952-92C3-6CE9B48CF673}.Release|Any CPU.Build.0 = Release|Any CPU
		{E8AF1127-A9F2-4E5E-9A67-BA3AA3DA406B}.Debug|Any CPU.ActiveCfg = Debug|Any CPU
		{E8AF1127-A9F2-4E5E-9A67-BA3AA3DA406B}.Debug|Any CPU.Build.0 = Debug|Any CPU
		{E8AF1127-A9F2-4E5E-9A67-BA3AA3DA406B}.Release|Any CPU.ActiveCfg = Release|Any CPU
		{E8AF1127-A9F2-4E5E-9A67-BA3AA3DA406B}.Release|Any CPU.Build.0 = Release|Any CPU
		{60F86877-BF17-41D0-8ECF-D5AE815F9516}.Debug|Any CPU.ActiveCfg = Debug|Any CPU
		{60F86877-BF17-41D0-8ECF-D5AE815F9516}.Debug|Any CPU.Build.0 = Debug|Any CPU
		{60F86877-BF17-41D0-8ECF-D5AE815F9516}.Release|Any CPU.ActiveCfg = Release|Any CPU
		{60F86877-BF17-41D0-8ECF-D5AE815F9516}.Release|Any CPU.Build.0 = Release|Any CPU
		{97A7F28B-72DB-4847-ABB1-31F2CF1A5325}.Debug|Any CPU.ActiveCfg = Debug|Any CPU
		{97A7F28B-72DB-4847-ABB1-31F2CF1A5325}.Debug|Any CPU.Build.0 = Debug|Any CPU
		{97A7F28B-72DB-4847-ABB1-31F2CF1A5325}.Release|Any CPU.ActiveCfg = Release|Any CPU
		{97A7F28B-72DB-4847-ABB1-31F2CF1A5325}.Release|Any CPU.Build.0 = Release|Any CPU
		{B25DB029-B1D4-4485-BD33-F1FFC28D2E39}.Debug|Any CPU.ActiveCfg = Debug|Any CPU
		{B25DB029-B1D4-4485-BD33-F1FFC28D2E39}.Debug|Any CPU.Build.0 = Debug|Any CPU
		{B25DB029-B1D4-4485-BD33-F1FFC28D2E39}.Release|Any CPU.ActiveCfg = Release|Any CPU
		{B25DB029-B1D4-4485-BD33-F1FFC28D2E39}.Release|Any CPU.Build.0 = Release|Any CPU
		{0C8B2294-1AA2-4D8A-9E3B-17F382780D76}.Debug|Any CPU.ActiveCfg = Debug|Any CPU
		{0C8B2294-1AA2-4D8A-9E3B-17F382780D76}.Debug|Any CPU.Build.0 = Debug|Any CPU
		{0C8B2294-1AA2-4D8A-9E3B-17F382780D76}.Release|Any CPU.ActiveCfg = Release|Any CPU
		{0C8B2294-1AA2-4D8A-9E3B-17F382780D76}.Release|Any CPU.Build.0 = Release|Any CPU
		{4D4924EC-A7BB-40FA-B274-25A582FAB16F}.Debug|Any CPU.ActiveCfg = Debug|Any CPU
		{4D4924EC-A7BB-40FA-B274-25A582FAB16F}.Debug|Any CPU.Build.0 = Debug|Any CPU
		{4D4924EC-A7BB-40FA-B274-25A582FAB16F}.Release|Any CPU.ActiveCfg = Release|Any CPU
		{4D4924EC-A7BB-40FA-B274-25A582FAB16F}.Release|Any CPU.Build.0 = Release|Any CPU
		{46784F69-D9A8-4B17-838D-8706AEF78B22}.Debug|Any CPU.ActiveCfg = Debug|Any CPU
		{46784F69-D9A8-4B17-838D-8706AEF78B22}.Debug|Any CPU.Build.0 = Debug|Any CPU
		{46784F69-D9A8-4B17-838D-8706AEF78B22}.Release|Any CPU.ActiveCfg = Release|Any CPU
		{46784F69-D9A8-4B17-838D-8706AEF78B22}.Release|Any CPU.Build.0 = Release|Any CPU
		{349B0ADC-63B7-4493-A93F-BFB41A997C12}.Debug|Any CPU.ActiveCfg = Debug|Any CPU
		{349B0ADC-63B7-4493-A93F-BFB41A997C12}.Debug|Any CPU.Build.0 = Debug|Any CPU
		{349B0ADC-63B7-4493-A93F-BFB41A997C12}.Release|Any CPU.ActiveCfg = Release|Any CPU
		{349B0ADC-63B7-4493-A93F-BFB41A997C12}.Release|Any CPU.Build.0 = Release|Any CPU
		{56FFCA12-2F28-43F1-811B-1B73DB3CA730}.Debug|Any CPU.ActiveCfg = Debug|Any CPU
		{56FFCA12-2F28-43F1-811B-1B73DB3CA730}.Debug|Any CPU.Build.0 = Debug|Any CPU
		{56FFCA12-2F28-43F1-811B-1B73DB3CA730}.Release|Any CPU.ActiveCfg = Release|Any CPU
		{56FFCA12-2F28-43F1-811B-1B73DB3CA730}.Release|Any CPU.Build.0 = Release|Any CPU
		{F01F7FB7-A585-4AF7-8C2C-00B4517708E9}.Debug|Any CPU.ActiveCfg = Debug|Any CPU
		{F01F7FB7-A585-4AF7-8C2C-00B4517708E9}.Debug|Any CPU.Build.0 = Debug|Any CPU
		{F01F7FB7-A585-4AF7-8C2C-00B4517708E9}.Release|Any CPU.ActiveCfg = Release|Any CPU
		{F01F7FB7-A585-4AF7-8C2C-00B4517708E9}.Release|Any CPU.Build.0 = Release|Any CPU
		{788A0615-1D69-433A-B154-56E0D3F7B45F}.Debug|Any CPU.ActiveCfg = Debug|Any CPU
		{788A0615-1D69-433A-B154-56E0D3F7B45F}.Debug|Any CPU.Build.0 = Debug|Any CPU
		{788A0615-1D69-433A-B154-56E0D3F7B45F}.Release|Any CPU.ActiveCfg = Release|Any CPU
		{788A0615-1D69-433A-B154-56E0D3F7B45F}.Release|Any CPU.Build.0 = Release|Any CPU
		{66459393-388C-4096-ADC1-D53B849BD9DA}.Debug|Any CPU.ActiveCfg = Debug|Any CPU
		{66459393-388C-4096-ADC1-D53B849BD9DA}.Debug|Any CPU.Build.0 = Debug|Any CPU
		{66459393-388C-4096-ADC1-D53B849BD9DA}.Release|Any CPU.ActiveCfg = Release|Any CPU
		{66459393-388C-4096-ADC1-D53B849BD9DA}.Release|Any CPU.Build.0 = Release|Any CPU
		{1F6ACA7B-5E8F-4040-957A-137492037AEC}.Debug|Any CPU.ActiveCfg = Debug|Any CPU
		{1F6ACA7B-5E8F-4040-957A-137492037AEC}.Debug|Any CPU.Build.0 = Debug|Any CPU
		{1F6ACA7B-5E8F-4040-957A-137492037AEC}.Release|Any CPU.ActiveCfg = Release|Any CPU
		{1F6ACA7B-5E8F-4040-957A-137492037AEC}.Release|Any CPU.Build.0 = Release|Any CPU
		{0DB18F5D-45C3-43C5-BADD-41A03AB798B4}.Debug|Any CPU.ActiveCfg = Debug|Any CPU
		{0DB18F5D-45C3-43C5-BADD-41A03AB798B4}.Debug|Any CPU.Build.0 = Debug|Any CPU
		{0DB18F5D-45C3-43C5-BADD-41A03AB798B4}.Release|Any CPU.ActiveCfg = Release|Any CPU
		{0DB18F5D-45C3-43C5-BADD-41A03AB798B4}.Release|Any CPU.Build.0 = Release|Any CPU
		{97879553-B947-44B6-AF97-897172673E97}.Debug|Any CPU.ActiveCfg = Debug|Any CPU
		{97879553-B947-44B6-AF97-897172673E97}.Debug|Any CPU.Build.0 = Debug|Any CPU
		{97879553-B947-44B6-AF97-897172673E97}.Release|Any CPU.ActiveCfg = Release|Any CPU
		{97879553-B947-44B6-AF97-897172673E97}.Release|Any CPU.Build.0 = Release|Any CPU
		{8A94340B-BC27-4907-81FE-351DF62FC1BA}.Debug|Any CPU.ActiveCfg = Debug|Any CPU
		{8A94340B-BC27-4907-81FE-351DF62FC1BA}.Debug|Any CPU.Build.0 = Debug|Any CPU
		{8A94340B-BC27-4907-81FE-351DF62FC1BA}.Release|Any CPU.ActiveCfg = Release|Any CPU
		{8A94340B-BC27-4907-81FE-351DF62FC1BA}.Release|Any CPU.Build.0 = Release|Any CPU
		{BC277C5B-4C77-4700-B936-EE3AC7CEFEC9}.Debug|Any CPU.ActiveCfg = Debug|Any CPU
		{BC277C5B-4C77-4700-B936-EE3AC7CEFEC9}.Debug|Any CPU.Build.0 = Debug|Any CPU
		{BC277C5B-4C77-4700-B936-EE3AC7CEFEC9}.Release|Any CPU.ActiveCfg = Release|Any CPU
		{BC277C5B-4C77-4700-B936-EE3AC7CEFEC9}.Release|Any CPU.Build.0 = Release|Any CPU
		{EC7543EF-B4FF-49B3-A81E-F462926E3CAA}.Debug|Any CPU.ActiveCfg = Debug|Any CPU
		{EC7543EF-B4FF-49B3-A81E-F462926E3CAA}.Debug|Any CPU.Build.0 = Debug|Any CPU
		{EC7543EF-B4FF-49B3-A81E-F462926E3CAA}.Release|Any CPU.ActiveCfg = Release|Any CPU
		{EC7543EF-B4FF-49B3-A81E-F462926E3CAA}.Release|Any CPU.Build.0 = Release|Any CPU
		{966C86DA-6171-42C1-B90C-06DD80C9752A}.Debug|Any CPU.ActiveCfg = Debug|Any CPU
		{966C86DA-6171-42C1-B90C-06DD80C9752A}.Debug|Any CPU.Build.0 = Debug|Any CPU
		{966C86DA-6171-42C1-B90C-06DD80C9752A}.Release|Any CPU.ActiveCfg = Release|Any CPU
		{966C86DA-6171-42C1-B90C-06DD80C9752A}.Release|Any CPU.Build.0 = Release|Any CPU
		{7783433F-D50B-4198-A473-6D0F4527829E}.Debug|Any CPU.ActiveCfg = Debug|Any CPU
		{7783433F-D50B-4198-A473-6D0F4527829E}.Debug|Any CPU.Build.0 = Debug|Any CPU
		{7783433F-D50B-4198-A473-6D0F4527829E}.Release|Any CPU.ActiveCfg = Release|Any CPU
		{7783433F-D50B-4198-A473-6D0F4527829E}.Release|Any CPU.Build.0 = Release|Any CPU
		{2E2FF03F-AEAA-466D-8129-44E9E5314552}.Debug|Any CPU.ActiveCfg = Debug|Any CPU
		{2E2FF03F-AEAA-466D-8129-44E9E5314552}.Debug|Any CPU.Build.0 = Debug|Any CPU
		{2E2FF03F-AEAA-466D-8129-44E9E5314552}.Release|Any CPU.ActiveCfg = Release|Any CPU
		{2E2FF03F-AEAA-466D-8129-44E9E5314552}.Release|Any CPU.Build.0 = Release|Any CPU
		{699725BE-621E-44CA-AB5E-79F843C341E1}.Debug|Any CPU.ActiveCfg = Debug|Any CPU
		{699725BE-621E-44CA-AB5E-79F843C341E1}.Debug|Any CPU.Build.0 = Debug|Any CPU
		{699725BE-621E-44CA-AB5E-79F843C341E1}.Release|Any CPU.ActiveCfg = Release|Any CPU
		{699725BE-621E-44CA-AB5E-79F843C341E1}.Release|Any CPU.Build.0 = Release|Any CPU
		{235C7340-CBC7-47B9-8EBA-F8FD008411ED}.Debug|Any CPU.ActiveCfg = Debug|Any CPU
		{235C7340-CBC7-47B9-8EBA-F8FD008411ED}.Debug|Any CPU.Build.0 = Debug|Any CPU
		{235C7340-CBC7-47B9-8EBA-F8FD008411ED}.Release|Any CPU.ActiveCfg = Release|Any CPU
		{235C7340-CBC7-47B9-8EBA-F8FD008411ED}.Release|Any CPU.Build.0 = Release|Any CPU
		{3EFA31B0-BCA3-405B-B843-08B85DD6CD89}.Debug|Any CPU.ActiveCfg = Debug|Any CPU
		{3EFA31B0-BCA3-405B-B843-08B85DD6CD89}.Debug|Any CPU.Build.0 = Debug|Any CPU
		{3EFA31B0-BCA3-405B-B843-08B85DD6CD89}.Release|Any CPU.ActiveCfg = Release|Any CPU
		{3EFA31B0-BCA3-405B-B843-08B85DD6CD89}.Release|Any CPU.Build.0 = Release|Any CPU
		{17843585-3306-409E-BA6E-50AA4978FEEB}.Debug|Any CPU.ActiveCfg = Debug|Any CPU
		{17843585-3306-409E-BA6E-50AA4978FEEB}.Debug|Any CPU.Build.0 = Debug|Any CPU
		{17843585-3306-409E-BA6E-50AA4978FEEB}.Release|Any CPU.ActiveCfg = Release|Any CPU
		{17843585-3306-409E-BA6E-50AA4978FEEB}.Release|Any CPU.Build.0 = Release|Any CPU
		{2B8A3483-00D8-497B-B3F2-87598F9E8523}.Debug|Any CPU.ActiveCfg = Debug|Any CPU
		{2B8A3483-00D8-497B-B3F2-87598F9E8523}.Debug|Any CPU.Build.0 = Debug|Any CPU
		{2B8A3483-00D8-497B-B3F2-87598F9E8523}.Release|Any CPU.ActiveCfg = Release|Any CPU
		{2B8A3483-00D8-497B-B3F2-87598F9E8523}.Release|Any CPU.Build.0 = Release|Any CPU
		{86BC4617-7DF4-4C6F-A009-FDF7CBB8ABFF}.Debug|Any CPU.ActiveCfg = Debug|Any CPU
		{86BC4617-7DF4-4C6F-A009-FDF7CBB8ABFF}.Debug|Any CPU.Build.0 = Debug|Any CPU
		{86BC4617-7DF4-4C6F-A009-FDF7CBB8ABFF}.Release|Any CPU.ActiveCfg = Release|Any CPU
		{86BC4617-7DF4-4C6F-A009-FDF7CBB8ABFF}.Release|Any CPU.Build.0 = Release|Any CPU
		{6E751D1C-4EF6-4466-A0CA-AEB15AC6E4A6}.Debug|Any CPU.ActiveCfg = Debug|Any CPU
		{6E751D1C-4EF6-4466-A0CA-AEB15AC6E4A6}.Debug|Any CPU.Build.0 = Debug|Any CPU
		{6E751D1C-4EF6-4466-A0CA-AEB15AC6E4A6}.Release|Any CPU.ActiveCfg = Release|Any CPU
		{6E751D1C-4EF6-4466-A0CA-AEB15AC6E4A6}.Release|Any CPU.Build.0 = Release|Any CPU
		{447C6381-85D7-4E69-AB40-6850B5EA4614}.Debug|Any CPU.ActiveCfg = Debug|Any CPU
		{447C6381-85D7-4E69-AB40-6850B5EA4614}.Debug|Any CPU.Build.0 = Debug|Any CPU
		{447C6381-85D7-4E69-AB40-6850B5EA4614}.Release|Any CPU.ActiveCfg = Release|Any CPU
		{447C6381-85D7-4E69-AB40-6850B5EA4614}.Release|Any CPU.Build.0 = Release|Any CPU
		{0D781D69-2B65-4C15-8771-994CC4CF97AF}.Debug|Any CPU.ActiveCfg = Debug|Any CPU
		{0D781D69-2B65-4C15-8771-994CC4CF97AF}.Debug|Any CPU.Build.0 = Debug|Any CPU
		{0D781D69-2B65-4C15-8771-994CC4CF97AF}.Release|Any CPU.ActiveCfg = Release|Any CPU
		{0D781D69-2B65-4C15-8771-994CC4CF97AF}.Release|Any CPU.Build.0 = Release|Any CPU
		{FF0B7299-312A-4ACA-8B76-A2E4184385B8}.Debug|Any CPU.ActiveCfg = Debug|Any CPU
		{FF0B7299-312A-4ACA-8B76-A2E4184385B8}.Debug|Any CPU.Build.0 = Debug|Any CPU
		{FF0B7299-312A-4ACA-8B76-A2E4184385B8}.Release|Any CPU.ActiveCfg = Release|Any CPU
		{FF0B7299-312A-4ACA-8B76-A2E4184385B8}.Release|Any CPU.Build.0 = Release|Any CPU
		{CB622556-6AD0-4488-810B-24E547DE185C}.Debug|Any CPU.ActiveCfg = Debug|Any CPU
		{CB622556-6AD0-4488-810B-24E547DE185C}.Debug|Any CPU.Build.0 = Debug|Any CPU
		{CB622556-6AD0-4488-810B-24E547DE185C}.Release|Any CPU.ActiveCfg = Release|Any CPU
		{CB622556-6AD0-4488-810B-24E547DE185C}.Release|Any CPU.Build.0 = Release|Any CPU
		{BB48591A-85F3-493A-96C5-9FF455FD0232}.Debug|Any CPU.ActiveCfg = Debug|Any CPU
		{BB48591A-85F3-493A-96C5-9FF455FD0232}.Debug|Any CPU.Build.0 = Debug|Any CPU
		{BB48591A-85F3-493A-96C5-9FF455FD0232}.Release|Any CPU.ActiveCfg = Release|Any CPU
		{BB48591A-85F3-493A-96C5-9FF455FD0232}.Release|Any CPU.Build.0 = Release|Any CPU
		{B21A2D90-8786-418A-9DA5-F39F260635D2}.Debug|Any CPU.ActiveCfg = Debug|Any CPU
		{B21A2D90-8786-418A-9DA5-F39F260635D2}.Debug|Any CPU.Build.0 = Debug|Any CPU
		{B21A2D90-8786-418A-9DA5-F39F260635D2}.Release|Any CPU.ActiveCfg = Release|Any CPU
		{B21A2D90-8786-418A-9DA5-F39F260635D2}.Release|Any CPU.Build.0 = Release|Any CPU
		{951D2C4D-64A9-4147-9D5C-F50692F765C2}.Debug|Any CPU.ActiveCfg = Debug|Any CPU
		{951D2C4D-64A9-4147-9D5C-F50692F765C2}.Debug|Any CPU.Build.0 = Debug|Any CPU
		{951D2C4D-64A9-4147-9D5C-F50692F765C2}.Release|Any CPU.ActiveCfg = Release|Any CPU
		{951D2C4D-64A9-4147-9D5C-F50692F765C2}.Release|Any CPU.Build.0 = Release|Any CPU
		{2C741C38-C0AB-4A07-9CD0-3824BFB67F94}.Debug|Any CPU.ActiveCfg = Debug|Any CPU
		{2C741C38-C0AB-4A07-9CD0-3824BFB67F94}.Debug|Any CPU.Build.0 = Debug|Any CPU
		{2C741C38-C0AB-4A07-9CD0-3824BFB67F94}.Release|Any CPU.ActiveCfg = Release|Any CPU
		{2C741C38-C0AB-4A07-9CD0-3824BFB67F94}.Release|Any CPU.Build.0 = Release|Any CPU
		{05268479-DD66-4D76-AD0B-BF7AC409E906}.Debug|Any CPU.ActiveCfg = Debug|Any CPU
		{05268479-DD66-4D76-AD0B-BF7AC409E906}.Debug|Any CPU.Build.0 = Debug|Any CPU
		{05268479-DD66-4D76-AD0B-BF7AC409E906}.Release|Any CPU.ActiveCfg = Release|Any CPU
		{05268479-DD66-4D76-AD0B-BF7AC409E906}.Release|Any CPU.Build.0 = Release|Any CPU
		{B2721761-A47D-461C-9E83-DC3947E82A90}.Debug|Any CPU.ActiveCfg = Debug|Any CPU
		{B2721761-A47D-461C-9E83-DC3947E82A90}.Debug|Any CPU.Build.0 = Debug|Any CPU
		{B2721761-A47D-461C-9E83-DC3947E82A90}.Release|Any CPU.ActiveCfg = Release|Any CPU
		{B2721761-A47D-461C-9E83-DC3947E82A90}.Release|Any CPU.Build.0 = Release|Any CPU
		{B6F42D03-8FFE-4625-8C58-09665A2362D8}.Debug|Any CPU.ActiveCfg = Debug|Any CPU
		{B6F42D03-8FFE-4625-8C58-09665A2362D8}.Debug|Any CPU.Build.0 = Debug|Any CPU
		{B6F42D03-8FFE-4625-8C58-09665A2362D8}.Release|Any CPU.ActiveCfg = Release|Any CPU
		{B6F42D03-8FFE-4625-8C58-09665A2362D8}.Release|Any CPU.Build.0 = Release|Any CPU
		{74B4749E-C161-4EA7-86AE-2A4C2B8B6A89}.Debug|Any CPU.ActiveCfg = Debug|Any CPU
		{74B4749E-C161-4EA7-86AE-2A4C2B8B6A89}.Debug|Any CPU.Build.0 = Debug|Any CPU
		{74B4749E-C161-4EA7-86AE-2A4C2B8B6A89}.Release|Any CPU.ActiveCfg = Release|Any CPU
		{74B4749E-C161-4EA7-86AE-2A4C2B8B6A89}.Release|Any CPU.Build.0 = Release|Any CPU
	EndGlobalSection
	GlobalSection(SolutionProperties) = preSolution
		HideSolutionNode = FALSE
	EndGlobalSection
	GlobalSection(NestedProjects) = preSolution
		{B56DF7B6-BC0E-4DB5-8B21-80FE1B6701B4} = {568496AC-01EF-4C4D-8120-58B0F8E6B5F8}
		{EC4CC815-3F9D-4A49-82CC-CDBC6BE7A9BF} = {568496AC-01EF-4C4D-8120-58B0F8E6B5F8}
		{36FEF887-5684-4920-9272-5FC3AFC2A139} = {568496AC-01EF-4C4D-8120-58B0F8E6B5F8}
		{0D316900-1573-48D7-951C-1307F21C43C1} = {568496AC-01EF-4C4D-8120-58B0F8E6B5F8}
		{53C68BEE-2A34-4952-92C3-6CE9B48CF673} = {568496AC-01EF-4C4D-8120-58B0F8E6B5F8}
		{A713B185-CA34-4793-AB1C-A9CDB89B748A} = {009CE3EB-1A0B-49A3-BA10-DBB1FB448DCD}
		{FECB2BAF-19B8-41AE-B8B9-B56CA4DFE0CB} = {A713B185-CA34-4793-AB1C-A9CDB89B748A}
		{E8AF1127-A9F2-4E5E-9A67-BA3AA3DA406B} = {FECB2BAF-19B8-41AE-B8B9-B56CA4DFE0CB}
		{60F86877-BF17-41D0-8ECF-D5AE815F9516} = {FECB2BAF-19B8-41AE-B8B9-B56CA4DFE0CB}
		{71F657BF-1179-48EF-9C35-7AC787213788} = {A713B185-CA34-4793-AB1C-A9CDB89B748A}
		{97A7F28B-72DB-4847-ABB1-31F2CF1A5325} = {71F657BF-1179-48EF-9C35-7AC787213788}
		{B25DB029-B1D4-4485-BD33-F1FFC28D2E39} = {C6851622-F95B-4239-BE60-A5DD74D6DE89}
		{0C8B2294-1AA2-4D8A-9E3B-17F382780D76} = {71F657BF-1179-48EF-9C35-7AC787213788}
		{4D4924EC-A7BB-40FA-B274-25A582FAB16F} = {A713B185-CA34-4793-AB1C-A9CDB89B748A}
		{46784F69-D9A8-4B17-838D-8706AEF78B22} = {A713B185-CA34-4793-AB1C-A9CDB89B748A}
		{349B0ADC-63B7-4493-A93F-BFB41A997C12} = {A713B185-CA34-4793-AB1C-A9CDB89B748A}
		{56FFCA12-2F28-43F1-811B-1B73DB3CA730} = {A713B185-CA34-4793-AB1C-A9CDB89B748A}
		{12B78A3E-BB18-4AA5-99D6-B3E49A3C5603} = {009CE3EB-1A0B-49A3-BA10-DBB1FB448DCD}
		{F01F7FB7-A585-4AF7-8C2C-00B4517708E9} = {12B78A3E-BB18-4AA5-99D6-B3E49A3C5603}
		{788A0615-1D69-433A-B154-56E0D3F7B45F} = {12B78A3E-BB18-4AA5-99D6-B3E49A3C5603}
		{66459393-388C-4096-ADC1-D53B849BD9DA} = {12B78A3E-BB18-4AA5-99D6-B3E49A3C5603}
		{1F6ACA7B-5E8F-4040-957A-137492037AEC} = {12B78A3E-BB18-4AA5-99D6-B3E49A3C5603}
		{DED8356F-BAE3-41FC-9807-80E4FE7D1617} = {12B78A3E-BB18-4AA5-99D6-B3E49A3C5603}
		{0DB18F5D-45C3-43C5-BADD-41A03AB798B4} = {DED8356F-BAE3-41FC-9807-80E4FE7D1617}
		{97879553-B947-44B6-AF97-897172673E97} = {DED8356F-BAE3-41FC-9807-80E4FE7D1617}
		{8A94340B-BC27-4907-81FE-351DF62FC1BA} = {DED8356F-BAE3-41FC-9807-80E4FE7D1617}
		{BC277C5B-4C77-4700-B936-EE3AC7CEFEC9} = {DED8356F-BAE3-41FC-9807-80E4FE7D1617}
		{EC7543EF-B4FF-49B3-A81E-F462926E3CAA} = {DED8356F-BAE3-41FC-9807-80E4FE7D1617}
		{4B5EAB30-E509-4241-9F69-B155621E5BB0} = {12B78A3E-BB18-4AA5-99D6-B3E49A3C5603}
		{966C86DA-6171-42C1-B90C-06DD80C9752A} = {4B5EAB30-E509-4241-9F69-B155621E5BB0}
		{17160554-DE48-4995-8385-B522B708A605} = {12B78A3E-BB18-4AA5-99D6-B3E49A3C5603}
		{7783433F-D50B-4198-A473-6D0F4527829E} = {17160554-DE48-4995-8385-B522B708A605}
		{2E2FF03F-AEAA-466D-8129-44E9E5314552} = {17160554-DE48-4995-8385-B522B708A605}
		{699725BE-621E-44CA-AB5E-79F843C341E1} = {17160554-DE48-4995-8385-B522B708A605}
		{4E120C76-5689-4414-B994-0A31FDF90FDB} = {009CE3EB-1A0B-49A3-BA10-DBB1FB448DCD}
		{A07B4C68-4204-44A2-844E-4EDE0A87A15C} = {4E120C76-5689-4414-B994-0A31FDF90FDB}
		{235C7340-CBC7-47B9-8EBA-F8FD008411ED} = {A07B4C68-4204-44A2-844E-4EDE0A87A15C}
		{3EFA31B0-BCA3-405B-B843-08B85DD6CD89} = {A07B4C68-4204-44A2-844E-4EDE0A87A15C}
		{17843585-3306-409E-BA6E-50AA4978FEEB} = {4E120C76-5689-4414-B994-0A31FDF90FDB}
		{2B8A3483-00D8-497B-B3F2-87598F9E8523} = {4E120C76-5689-4414-B994-0A31FDF90FDB}
		{86BC4617-7DF4-4C6F-A009-FDF7CBB8ABFF} = {4E120C76-5689-4414-B994-0A31FDF90FDB}
		{6E751D1C-4EF6-4466-A0CA-AEB15AC6E4A6} = {4E120C76-5689-4414-B994-0A31FDF90FDB}
		{9DBBD247-5872-4F5A-9E5B-02B62A6E49DC} = {4E120C76-5689-4414-B994-0A31FDF90FDB}
		{447C6381-85D7-4E69-AB40-6850B5EA4614} = {9DBBD247-5872-4F5A-9E5B-02B62A6E49DC}
		{0D781D69-2B65-4C15-8771-994CC4CF97AF} = {9DBBD247-5872-4F5A-9E5B-02B62A6E49DC}
		{FF0B7299-312A-4ACA-8B76-A2E4184385B8} = {4E120C76-5689-4414-B994-0A31FDF90FDB}
		{CB622556-6AD0-4488-810B-24E547DE185C} = {4E120C76-5689-4414-B994-0A31FDF90FDB}
		{B93FB5AD-B364-41E0-9AE2-F56924AC1C5B} = {4E120C76-5689-4414-B994-0A31FDF90FDB}
		{BB48591A-85F3-493A-96C5-9FF455FD0232} = {B93FB5AD-B364-41E0-9AE2-F56924AC1C5B}
		{B21A2D90-8786-418A-9DA5-F39F260635D2} = {B93FB5AD-B364-41E0-9AE2-F56924AC1C5B}
		{951D2C4D-64A9-4147-9D5C-F50692F765C2} = {B93FB5AD-B364-41E0-9AE2-F56924AC1C5B}
		{E1F52BAC-4F13-49C5-9AE6-408CD44B0248} = {4E120C76-5689-4414-B994-0A31FDF90FDB}
		{2C741C38-C0AB-4A07-9CD0-3824BFB67F94} = {E1F52BAC-4F13-49C5-9AE6-408CD44B0248}
		{05268479-DD66-4D76-AD0B-BF7AC409E906} = {E1F52BAC-4F13-49C5-9AE6-408CD44B0248}
		{B2721761-A47D-461C-9E83-DC3947E82A90} = {4E120C76-5689-4414-B994-0A31FDF90FDB}
		{B6F42D03-8FFE-4625-8C58-09665A2362D8} = {4E120C76-5689-4414-B994-0A31FDF90FDB}
		{74B4749E-C161-4EA7-86AE-2A4C2B8B6A89} = {4E120C76-5689-4414-B994-0A31FDF90FDB}
	EndGlobalSection
	GlobalSection(ExtensibilityGlobals) = postSolution
		SolutionGuid = {446D1020-F3B1-4059-88ED-AE8CD39594E3}
	EndGlobalSection
EndGlobal
